github.com/locktivity/epack v0.1.27 h1:ZkwLX3paTbYEwgabk6G03cm5+tivvdb+WaQiuXy59rg=
github.com/locktivity/epack v0.1.27/go.mod h1:AbC3rPZ0IJJJ/pPQF1WUodxemM9SbK7jsZuXTPr3Pbc=
github.com/ohler55/ojg v1.24.1 h1:PaVLelrNgT5/0ppPaUtey54tOVp245z33fkhL2jljjY=
github.com/ohler55/ojg v1.24.1/go.mod h1:gQhDVpQLqrmnd2eqGAvJtn+NfKoYJbe/A4Sj3/Vro4o=
golang.org/x/sys v0.41.0 h1:Ivj+2Cp/ylzLiEU89QhWblYnOE9zerudt9Ftecq2C6k=
golang.org/x/sys v0.41.0/go.mod h1:OgkHotnGiDImocRcuBABYBEXf8A9a87e/uXjp9XT3ks=
gopkg.in/check.v1 v0.0.0-20161208181325-20d25e280405 h1:yhCVgyC4o1eVCa2tZl7eS0r+SDo693bJlVdllGtEeKM=
gopkg.in/check.v1 v0.0.0-20161208181325-20d25e280405/go.mod h1:Co6ibVJAznAaIkqp8huTwlJQCZ016jof/cbN4VW5Yz0=
gopkg.in/yaml.v3 v3.0.1 h1:fxVm/GzAzEWqLHuvctI91KS9hhNmmWOoWu0XTYJS7CA=
gopkg.in/yaml.v3 v3.0.1/go.mod h1:K4uyk7z7BCEPqu6E+C64Yfv1cQ7kz7rIZviUmN+EgEM=
